# THIS IS AN AUTOGENERATED FILE. DO NOT EDIT THIS FILE DIRECTLY.
# yarn lockfile v1


"@types/bindings@1.5.1":
  version "1.5.1"
  resolved "https://registry.yarnpkg.com/@types/bindings/-/bindings-1.5.1.tgz#bc9c00f188fc0af4b0a18d065aaa145e32498784"
  integrity sha512-8HzueDeoxGXdsJ0Ep7TOXHGN+woRTWa1bAds30r5we7PCC3P5zrSTRknePLn/KYAubgQv5t/1zkonnStHLCWOg==
  dependencies:
    "@types/node" "*"

"@types/node@*":
  version "20.3.1"
  resolved "https://registry.yarnpkg.com/@types/node/-/node-20.3.1.tgz#e8a83f1aa8b649377bb1fb5d7bac5cb90e784dfe"
  integrity sha512-EhcH/wvidPy1WeML3TtYFGR83UzjxeWRen9V402T8aUGYsCHOmfoisV3ZSg03gAFIbLq8TnWOJ0f4cALtnSEUg==

"@types/pngjs@^6.0.1":
  version "6.0.1"
  resolved "https://registry.yarnpkg.com/@types/pngjs/-/pngjs-6.0.1.tgz#c711ec3fbbf077fed274ecccaf85dd4673130072"
  integrity sha512-J39njbdW1U/6YyVXvC9+1iflZghP8jgRf2ndYghdJb5xL49LYDB+1EuAxfbuJ2IBbWIL3AjHPQhgaTxT3YaYeg==
  dependencies:
    "@types/node" "*"

bindings@1.5.0, bindings@^1.5.0:
  version "1.5.0"
  resolved "https://registry.yarnpkg.com/bindings/-/bindings-1.5.0.tgz#10353c9e945334bc0511a6d90b38fbc7c9c504df"
  integrity sha512-p2q/t/mhvuOj/UeLlV6566GD/guowlr0hHxClI0W9m7MWYkL1F0hLo+0Aexs9HSPCtR1SXQ0TD3MMKrXZajbiQ==
  dependencies:
    file-uri-to-path "1.0.0"

file-uri-to-path@1.0.0:
  version "1.0.0"
  resolved "https://registry.yarnpkg.com/file-uri-to-path/-/file-uri-to-path-1.0.0.tgz#553a7b8446ff6f684359c445f1e37a05dacc33dd"
  integrity sha512-0Zt+s3L7Vf1biwWZ29aARiVYLx7iMGnEUl9x33fbB/j3jR81u/O2LbqK+Bm1CDSNDKVtJ/YjwY7TUd5SkeLQLw==

gpiod-client@^1.2.0:
  version "1.2.0"
  resolved "https://registry.yarnpkg.com/gpiod-client/-/gpiod-client-1.2.0.tgz#49c38d7fe536101027b85940cf1caa473a4dbbf0"
  integrity sha512-m4knGbfnyjXSHaXmwDUd8DM/OVX7TeJ03zLMUA76Es7s2P4FLBbyP+zEsZDyS3G/vryP7DJPdaisTsobpEcLBA==
  dependencies:
    libgpiod "1.4.0"

js-pixel-fonts@^1.6.0:
  version "1.6.0"
  resolved "https://registry.yarnpkg.com/js-pixel-fonts/-/js-pixel-fonts-1.6.0.tgz#9af4d04ff30d08bd92008ea676f620a10dcdfdbc"
  integrity sha512-yWhPFShOwDs427wWC07CBNp/VIxZimvecc/RwJDb6ihw40W35xuAR9CwR0uNOG2W97ow4awYztUWD0lt+pQdgQ==
  dependencies:
    "@types/pngjs" "^6.0.1"
    loglevel "^1.6.1"
    pngjs "^3.3.3"

libgpiod@1.4.0:
  version "1.4.0"
  resolved "https://registry.yarnpkg.com/libgpiod/-/libgpiod-1.4.0.tgz#95cfa283dfbd7e77c98650d10566f3b815456b70"
  integrity sha512-u66qAf3NmEDu7pKP0MamUIhIaTX3i0aEwGgr1kM1GHt9K98cIErEAfi7Qjvzfrat5ZWZWh/TM86+TSb3KqdbRw==
  dependencies:
    "@types/bindings" "1.5.1"
    bindings "1.5.0"
    nan "2.17.0"
    node-api-headers "1.0.1"

loglevel@^1.6.1:
  version "1.8.1"
  resolved "https://registry.yarnpkg.com/loglevel/-/loglevel-1.8.1.tgz#5c621f83d5b48c54ae93b6156353f555963377b4"
  integrity sha512-tCRIJM51SHjAayKwC+QAg8hT8vg6z7GSgLJKGvzuPb1Wc+hLzqtuVLxp6/HzSPOozuK+8ErAhy7U/sVzw8Dgfg==

nan@2.17.0:
  version "2.17.0"
  resolved "https://registry.yarnpkg.com/nan/-/nan-2.17.0.tgz#c0150a2368a182f033e9aa5195ec76ea41a199cb"
  integrity sha512-2ZTgtl0nJsO0KQCjEpxcIr5D+Yv90plTitZt9JBfQvVJDS5seMl3FOvsh3+9CoYWXf/1l5OaZzzF6nDm4cagaQ==

node-api-headers@1.0.1:
  version "1.0.1"
  resolved "https://registry.yarnpkg.com/node-api-headers/-/node-api-headers-1.0.1.tgz#80b7369f7e1a911b2a0f230bdd6c450d64459d2c"
  integrity sha512-42iSgdJwCPp2eDYB4jrj8tJ5SjakZA41I7QxilOXa8E1fPbKyfr7hG4VzikCableU/HUqpnwmoqGNVnUYYbeIQ==

pngjs@^3.3.3:
  version "3.4.0"
  resolved "https://registry.yarnpkg.com/pngjs/-/pngjs-3.4.0.tgz#99ca7d725965fb655814eaf65f38f12bbdbf555f"
  integrity sha512-NCrCHhWmnQklfH4MtJMRjZ2a8c80qXeMlQMv2uVp9ISJMTt562SbGd6n2oq0PaPgKm7Z6pL9E2UlLIhC+SHL3w==

spi-dev@^1.0.3:
  version "1.0.3"
  resolved "https://registry.yarnpkg.com/spi-dev/-/spi-dev-1.0.3.tgz#9f727fa8fd6026f8e8ab1ec21dc7210a11292fae"
  integrity sha512-yjUam0w6ndyLmiKxNFVgKWqM5PNBDKuG8xIIBhRdnQEnubDr0Cb+1DS6RKMPdqxpUoCpJ1fmi+KaR2go/hCXMA==
  dependencies:
    bindings "^1.5.0"
